
Microsoft Visual Studio Solution File, Format Version 12.00
# Visual Studio Version 16
VisualStudioVersion = 16.0.30309.148
MinimumVisualStudioVersion = 10.0.40219.1
Project("{FAE04EC0-301F-11D3-BF4B-00C04F79EFBC}") = "web", "web\web.csproj", "{FD2179AD-5652-42CA-8C8F-CFA4E542B474}"
EndProject
Global
	GlobalSection(SolutionConfigurationPlatforms) = preSolution
		Debug|Any CPU = Debug|Any CPU
		Release|Any CPU = Release|Any CPU
	EndGlobalSection
	GlobalSection(ProjectConfigurationPlatforms) = postSolution
		{FD2179AD-5652-42CA-8C8F-CFA4E542B474}.Debug|Any CPU.ActiveCfg = Debug|Any CPU
		{FD2179AD-5652-42CA-8C8F-CFA4E542B474}.Debug|Any CPU.Build.0 = Debug|Any CPU
		{FD2179AD-5652-42CA-8C8F-CFA4E542B474}.Release|Any CPU.ActiveCfg = Release|Any CPU
		{FD2179AD-5652-42CA-8C8F-CFA4E542B474}.Release|Any CPU.Build.0 = Release|Any CPU
	EndGlobalSection
	GlobalSection(SolutionProperties) = preSolution
		HideSolutionNode = FALSE
	EndGlobalSection
	GlobalSection(ExtensibilityGlobals) = postSolution
		SolutionGuid = {2C168CBA-8284-4E2A-AF0A-175380C374CD}
	EndGlobalSection
EndGlobal
