
Microsoft Visual Studio Solution File, Format Version 12.00
# Visual Studio Version 16
VisualStudioVersion = 16.0.30309.148
MinimumVisualStudioVersion = 10.0.40219.1
Project("{9A19103F-16F7-4668-BE54-9A1E7A4F7556}") = "web", "web\web.csproj", "{FD2179AD-5652-42CA-8C8F-CFA4E542B474}"
EndProject
Project("{FAE04EC0-301F-11D3-BF4B-00C04F79EFBC}") = "Business", "Business\Business.csproj", "{75D50186-5F65-4DAC-A582-61DA06F8125A}"
EndProject
Project("{FAE04EC0-301F-11D3-BF4B-00C04F79EFBC}") = "Business.Implementation", "Business.Implementation\Business.Implementation.csproj", "{7DFC4A35-DD88-4AB1-8AD2-118A938FC39B}"
EndProject
Global
	GlobalSection(SolutionConfigurationPlatforms) = preSolution
		Debug|Any CPU = Debug|Any CPU
		Release|Any CPU = Release|Any CPU
	EndGlobalSection
	GlobalSection(ProjectConfigurationPlatforms) = postSolution
		{FD2179AD-5652-42CA-8C8F-CFA4E542B474}.Debug|Any CPU.ActiveCfg = Debug|Any CPU
		{FD2179AD-5652-42CA-8C8F-CFA4E542B474}.Debug|Any CPU.Build.0 = Debug|Any CPU
		{FD2179AD-5652-42CA-8C8F-CFA4E542B474}.Release|Any CPU.ActiveCfg = Release|Any CPU
		{FD2179AD-5652-42CA-8C8F-CFA4E542B474}.Release|Any CPU.Build.0 = Release|Any CPU
		{75D50186-5F65-4DAC-A582-61DA06F8125A}.Debug|Any CPU.ActiveCfg = Debug|Any CPU
		{75D50186-5F65-4DAC-A582-61DA06F8125A}.Debug|Any CPU.Build.0 = Debug|Any CPU
		{75D50186-5F65-4DAC-A582-61DA06F8125A}.Release|Any CPU.ActiveCfg = Release|Any CPU
		{75D50186-5F65-4DAC-A582-61DA06F8125A}.Release|Any CPU.Build.0 = Release|Any CPU
		{7DFC4A35-DD88-4AB1-8AD2-118A938FC39B}.Debug|Any CPU.ActiveCfg = Debug|Any CPU
		{7DFC4A35-DD88-4AB1-8AD2-118A938FC39B}.Debug|Any CPU.Build.0 = Debug|Any CPU
		{7DFC4A35-DD88-4AB1-8AD2-118A938FC39B}.Release|Any CPU.ActiveCfg = Release|Any CPU
		{7DFC4A35-DD88-4AB1-8AD2-118A938FC39B}.Release|Any CPU.Build.0 = Release|Any CPU
	EndGlobalSection
	GlobalSection(SolutionProperties) = preSolution
		HideSolutionNode = FALSE
	EndGlobalSection
	GlobalSection(ExtensibilityGlobals) = postSolution
		SolutionGuid = {2C168CBA-8284-4E2A-AF0A-175380C374CD}
	EndGlobalSection
EndGlobal
